// !$*UTF8*$!
{
	archiveVersion = 1;
	classes = {
	};
	objectVersion = 56;
	objects = {

/* Begin PBXBuildFile section */
		8C36E89B2ADD90FA00FC4095 /* SwiftUI_ImplementApp.swift in Sources */ = {isa = PBXBuildFile; fileRef = 8C36E89A2ADD90FA00FC4095 /* SwiftUI_ImplementApp.swift */; };
		8C36E89D2ADD90FA00FC4095 /* ContentView.swift in Sources */ = {isa = PBXBuildFile; fileRef = 8C36E89C2ADD90FA00FC4095 /* ContentView.swift */; };
		8C36E89F2ADD90FC00FC4095 /* Assets.xcassets in Resources */ = {isa = PBXBuildFile; fileRef = 8C36E89E2ADD90FC00FC4095 /* Assets.xcassets */; };
		8C36E8A22ADD90FC00FC4095 /* Preview Assets.xcassets in Resources */ = {isa = PBXBuildFile; fileRef = 8C36E8A12ADD90FC00FC4095 /* Preview Assets.xcassets */; };
		8C36E8A92ADDCD0000FC4095 /* ImageView.swift in Sources */ = {isa = PBXBuildFile; fileRef = 8C36E8A82ADDCD0000FC4095 /* ImageView.swift */; };
		8C36E8AB2ADDDEC300FC4095 /* MapView.swift in Sources */ = {isa = PBXBuildFile; fileRef = 8C36E8AA2ADDDEC300FC4095 /* MapView.swift */; };
		8C36E8AD2ADDF04300FC4095 /* MainView.swift in Sources */ = {isa = PBXBuildFile; fileRef = 8C36E8AC2ADDF04300FC4095 /* MainView.swift */; };
		8C36E8CB2ADDF77000FC4095 /* Programmer.swift in Sources */ = {isa = PBXBuildFile; fileRef = 8C36E8CA2ADDF77000FC4095 /* Programmer.swift */; };
		8C36E8CD2ADDF7FE00FC4095 /* RowView.swift in Sources */ = {isa = PBXBuildFile; fileRef = 8C36E8CC2ADDF7FE00FC4095 /* RowView.swift */; };
		8C36E8CF2ADDFA6F00FC4095 /* ListView.swift in Sources */ = {isa = PBXBuildFile; fileRef = 8C36E8CE2ADDFA6F00FC4095 /* ListView.swift */; };
		8C7213D92ADEE9DE0023C3E2 /* ListDetailView.swift in Sources */ = {isa = PBXBuildFile; fileRef = 8C7213D82ADEE9DE0023C3E2 /* ListDetailView.swift */; };
/* End PBXBuildFile section */

/* Begin PBXFileReference section */
		8C36E8972ADD90FA00FC4095 /* SwiftUI-Implement.app */ = {isa = PBXFileReference; explicitFileType = wrapper.application; includeInIndex = 0; path = "SwiftUI-Implement.app"; sourceTree = BUILT_PRODUCTS_DIR; };
		8C36E89A2ADD90FA00FC4095 /* SwiftUI_ImplementApp.swift */ = {isa = PBXFileReference; lastKnownFileType = sourcecode.swift; path = SwiftUI_ImplementApp.swift; sourceTree = "<group>"; };
		8C36E89C2ADD90FA00FC4095 /* ContentView.swift */ = {isa = PBXFileReference; lastKnownFileType = sourcecode.swift; path = ContentView.swift; sourceTree = "<group>"; };
		8C36E89E2ADD90FC00FC4095 /* Assets.xcassets */ = {isa = PBXFileReference; lastKnownFileType = folder.assetcatalog; path = Assets.xcassets; sourceTree = "<group>"; };
		8C36E8A12ADD90FC00FC4095 /* Preview Assets.xcassets */ = {isa = PBXFileReference; lastKnownFileType = folder.assetcatalog; path = "Preview Assets.xcassets"; sourceTree = "<group>"; };
		8C36E8A82ADDCD0000FC4095 /* ImageView.swift */ = {isa = PBXFileReference; lastKnownFileType = sourcecode.swift; path = ImageView.swift; sourceTree = "<group>"; };
		8C36E8AA2ADDDEC300FC4095 /* MapView.swift */ = {isa = PBXFileReference; lastKnownFileType = sourcecode.swift; path = MapView.swift; sourceTree = "<group>"; };
		8C36E8AC2ADDF04300FC4095 /* MainView.swift */ = {isa = PBXFileReference; lastKnownFileType = sourcecode.swift; path = MainView.swift; sourceTree = "<group>"; };
		8C36E8CA2ADDF77000FC4095 /* Programmer.swift */ = {isa = PBXFileReference; lastKnownFileType = sourcecode.swift; path = Programmer.swift; sourceTree = "<group>"; };
		8C36E8CC2ADDF7FE00FC4095 /* RowView.swift */ = {isa = PBXFileReference; lastKnownFileType = sourcecode.swift; path = RowView.swift; sourceTree = "<group>"; };
		8C36E8CE2ADDFA6F00FC4095 /* ListView.swift */ = {isa = PBXFileReference; lastKnownFileType = sourcecode.swift; path = ListView.swift; sourceTree = "<group>"; };
		8C7213D82ADEE9DE0023C3E2 /* ListDetailView.swift */ = {isa = PBXFileReference; lastKnownFileType = sourcecode.swift; path = ListDetailView.swift; sourceTree = "<group>"; };
/* End PBXFileReference section */

/* Begin PBXFrameworksBuildPhase section */
		8C36E8942ADD90FA00FC4095 /* Frameworks */ = {
			isa = PBXFrameworksBuildPhase;
			buildActionMask = 2147483647;
			files = (
			);
			runOnlyForDeploymentPostprocessing = 0;
		};
/* End PBXFrameworksBuildPhase section */

/* Begin PBXGroup section */
		8C36E88E2ADD90FA00FC4095 = {
			isa = PBXGroup;
			children = (
				8C36E8992ADD90FA00FC4095 /* SwiftUI-Implement */,
				8C36E8982ADD90FA00FC4095 /* Products */,
			);
			sourceTree = "<group>";
		};
		8C36E8982ADD90FA00FC4095 /* Products */ = {
			isa = PBXGroup;
			children = (
				8C36E8972ADD90FA00FC4095 /* SwiftUI-Implement.app */,
			);
			name = Products;
			sourceTree = "<group>";
		};
		8C36E8992ADD90FA00FC4095 /* SwiftUI-Implement */ = {
			isa = PBXGroup;
			children = (
				8C36E89A2ADD90FA00FC4095 /* SwiftUI_ImplementApp.swift */,
				8C36E8C92ADDF75400FC4095 /* Data */,
				8C36E8C82ADDF72F00FC4095 /* Views */,
				8C36E89E2ADD90FC00FC4095 /* Assets.xcassets */,
				8C36E8A02ADD90FC00FC4095 /* Preview Content */,
			);
			path = "SwiftUI-Implement";
			sourceTree = "<group>";
		};
		8C36E8A02ADD90FC00FC4095 /* Preview Content */ = {
			isa = PBXGroup;
			children = (
				8C36E8A12ADD90FC00FC4095 /* Preview Assets.xcassets */,
			);
			path = "Preview Content";
			sourceTree = "<group>";
		};
		8C36E8C82ADDF72F00FC4095 /* Views */ = {
			isa = PBXGroup;
			children = (
				8C36E89C2ADD90FA00FC4095 /* ContentView.swift */,
				8C36E8A82ADDCD0000FC4095 /* ImageView.swift */,
				8C36E8AA2ADDDEC300FC4095 /* MapView.swift */,
				8C36E8AC2ADDF04300FC4095 /* MainView.swift */,
				8C36E8CC2ADDF7FE00FC4095 /* RowView.swift */,
				8C36E8CE2ADDFA6F00FC4095 /* ListView.swift */,
				8C7213D82ADEE9DE0023C3E2 /* ListDetailView.swift */,
			);
			path = Views;
			sourceTree = "<group>";
		};
		8C36E8C92ADDF75400FC4095 /* Data */ = {
			isa = PBXGroup;
			children = (
				8C36E8CA2ADDF77000FC4095 /* Programmer.swift */,
			);
			path = Data;
			sourceTree = "<group>";
		};
/* End PBXGroup section */

/* Begin PBXNativeTarget section */
		8C36E8962ADD90FA00FC4095 /* SwiftUI-Implement */ = {
			isa = PBXNativeTarget;
			buildConfigurationList = 8C36E8A52ADD90FC00FC4095 /* Build configuration list for PBXNativeTarget "SwiftUI-Implement" */;
			buildPhases = (
				8C36E8932ADD90FA00FC4095 /* Sources */,
				8C36E8942ADD90FA00FC4095 /* Frameworks */,
				8C36E8952ADD90FA00FC4095 /* Resources */,
			);
			buildRules = (
			);
			dependencies = (
			);
			name = "SwiftUI-Implement";
			productName = "SwiftUI-Implement";
			productReference = 8C36E8972ADD90FA00FC4095 /* SwiftUI-Implement.app */;
			productType = "com.apple.product-type.application";
		};
/* End PBXNativeTarget section */

/* Begin PBXProject section */
		8C36E88F2ADD90FA00FC4095 /* Project object */ = {
			isa = PBXProject;
			attributes = {
				BuildIndependentTargetsInParallel = 1;
				LastSwiftUpdateCheck = 1500;
				LastUpgradeCheck = 1500;
				TargetAttributes = {
					8C36E8962ADD90FA00FC4095 = {
						CreatedOnToolsVersion = 15.0;
					};
				};
			};
			buildConfigurationList = 8C36E8922ADD90FA00FC4095 /* Build configuration list for PBXProject "SwiftUI-Implement" */;
			compatibilityVersion = "Xcode 14.0";
			developmentRegion = en;
			hasScannedForEncodings = 0;
			knownRegions = (
				en,
				Base,
			);
			mainGroup = 8C36E88E2ADD90FA00FC4095;
			productRefGroup = 8C36E8982ADD90FA00FC4095 /* Products */;
			projectDirPath = "";
			projectRoot = "";
			targets = (
				8C36E8962ADD90FA00FC4095 /* SwiftUI-Implement */,
			);
		};
/* End PBXProject section */

/* Begin PBXResourcesBuildPhase section */
		8C36E8952ADD90FA00FC4095 /* Resources */ = {
			isa = PBXResourcesBuildPhase;
			buildActionMask = 2147483647;
			files = (
				8C36E8A22ADD90FC00FC4095 /* Preview Assets.xcassets in Resources */,
				8C36E89F2ADD90FC00FC4095 /* Assets.xcassets in Resources */,
			);
			runOnlyForDeploymentPostprocessing = 0;
		};
/* End PBXResourcesBuildPhase section */

/* Begin PBXSourcesBuildPhase section */
		8C36E8932ADD90FA00FC4095 /* Sources */ = {
			isa = PBXSourcesBuildPhase;
			buildActionMask = 2147483647;
			files = (
				8C36E8CF2ADDFA6F00FC4095 /* ListView.swift in Sources */,
				8C36E8A92ADDCD0000FC4095 /* ImageView.swift in Sources */,
				8C36E8CB2ADDF77000FC4095 /* Programmer.swift in Sources */,
				8C36E8CD2ADDF7FE00FC4095 /* RowView.swift in Sources */,
				8C36E8AB2ADDDEC300FC4095 /* MapView.swift in Sources */,
				8C36E89D2ADD90FA00FC4095 /* ContentView.swift in Sources */,
				8C7213D92ADEE9DE0023C3E2 /* ListDetailView.swift in Sources */,
				8C36E8AD2ADDF04300FC4095 /* MainView.swift in Sources */,
				8C36E89B2ADD90FA00FC4095 /* SwiftUI_ImplementApp.swift in Sources */,
			);
			runOnlyForDeploymentPostprocessing = 0;
		};
/* End PBXSourcesBuildPhase section */

/* Begin XCBuildConfiguration section */
		8C36E8A32ADD90FC00FC4095 /* Debug */ = {
			isa = XCBuildConfiguration;
			buildSettings = {
				ALWAYS_SEARCH_USER_PATHS = NO;
				ASSETCATALOG_COMPILER_GENERATE_SWIFT_ASSET_SYMBOL_EXTENSIONS = YES;
				CLANG_ANALYZER_NONNULL = YES;
				CLANG_ANALYZER_NUMBER_OBJECT_CONVERSION = YES_AGGRESSIVE;
				CLANG_CXX_LANGUAGE_STANDARD = "gnu++20";
				CLANG_ENABLE_MODULES = YES;
				CLANG_ENABLE_OBJC_ARC = YES;
				CLANG_ENABLE_OBJC_WEAK = YES;
				CLANG_WARN_BLOCK_CAPTURE_AUTORELEASING = YES;
				CLANG_WARN_BOOL_CONVERSION = YES;
				CLANG_WARN_COMMA = YES;
				CLANG_WARN_CONSTANT_CONVERSION = YES;
				CLANG_WARN_DEPRECATED_OBJC_IMPLEMENTATIONS = YES;
				CLANG_WARN_DIRECT_OBJC_ISA_USAGE = YES_ERROR;
				CLANG_WARN_DOCUMENTATION_COMMENTS = YES;
				CLANG_WARN_EMPTY_BODY = YES;
				CLANG_WARN_ENUM_CONVERSION = YES;
				CLANG_WARN_INFINITE_RECURSION = YES;
				CLANG_WARN_INT_CONVERSION = YES;
				CLANG_WARN_NON_LITERAL_NULL_CONVERSION = YES;
				CLANG_WARN_OBJC_IMPLICIT_RETAIN_SELF = YES;
				CLANG_WARN_OBJC_LITERAL_CONVERSION = YES;
				CLANG_WARN_OBJC_ROOT_CLASS = YES_ERROR;
				CLANG_WARN_QUOTED_INCLUDE_IN_FRAMEWORK_HEADER = YES;
				CLANG_WARN_RANGE_LOOP_ANALYSIS = YES;
				CLANG_WARN_STRICT_PROTOTYPES = YES;
				CLANG_WARN_SUSPICIOUS_MOVE = YES;
				CLANG_WARN_UNGUARDED_AVAILABILITY = YES_AGGRESSIVE;
				CLANG_WARN_UNREACHABLE_CODE = YES;
				CLANG_WARN__DUPLICATE_METHOD_MATCH = YES;
				COPY_PHASE_STRIP = NO;
				DEBUG_INFORMATION_FORMAT = dwarf;
				ENABLE_STRICT_OBJC_MSGSEND = YES;
				ENABLE_TESTABILITY = YES;
				ENABLE_USER_SCRIPT_SANDBOXING = YES;
				GCC_C_LANGUAGE_STANDARD = gnu17;
				GCC_DYNAMIC_NO_PIC = NO;
				GCC_NO_COMMON_BLOCKS = YES;
				GCC_OPTIMIZATION_LEVEL = 0;
				GCC_PREPROCESSOR_DEFINITIONS = (
					"DEBUG=1",
					"$(inherited)",
				);
				GCC_WARN_64_TO_32_BIT_CONVERSION = YES;
				GCC_WARN_ABOUT_RETURN_TYPE = YES_ERROR;
				GCC_WARN_UNDECLARED_SELECTOR = YES;
				GCC_WARN_UNINITIALIZED_AUTOS = YES_AGGRESSIVE;
				GCC_WARN_UNUSED_FUNCTION = YES;
				GCC_WARN_UNUSED_VARIABLE = YES;
				IPHONEOS_DEPLOYMENT_TARGET = 17.0;
				LOCALIZATION_PREFERS_STRING_CATALOGS = YES;
				MTL_ENABLE_DEBUG_INFO = INCLUDE_SOURCE;
				MTL_FAST_MATH = YES;
				ONLY_ACTIVE_ARCH = YES;
				SDKROOT = iphoneos;
				SWIFT_ACTIVE_COMPILATION_CONDITIONS = "DEBUG $(inherited)";
				SWIFT_OPTIMIZATION_LEVEL = "-Onone";
			};
			name = Debug;
		};
		8C36E8A42ADD90FC00FC4095 /* Release */ = {
			isa = XCBuildConfiguration;
			buildSettings = {
				ALWAYS_SEARCH_USER_PATHS = NO;
				ASSETCATALOG_COMPILER_GENERATE_SWIFT_ASSET_SYMBOL_EXTENSIONS = YES;
				CLANG_ANALYZER_NONNULL = YES;
				CLANG_ANALYZER_NUMBER_OBJECT_CONVERSION = YES_AGGRESSIVE;
				CLANG_CXX_LANGUAGE_STANDARD = "gnu++20";
				CLANG_ENABLE_MODULES = YES;
				CLANG_ENABLE_OBJC_ARC = YES;
				CLANG_ENABLE_OBJC_WEAK = YES;
				CLANG_WARN_BLOCK_CAPTURE_AUTORELEASING = YES;
				CLANG_WARN_BOOL_CONVERSION = YES;
				CLANG_WARN_COMMA = YES;
				CLANG_WARN_CONSTANT_CONVERSION = YES;
				CLANG_WARN_DEPRECATED_OBJC_IMPLEMENTATIONS = YES;
				CLANG_WARN_DIRECT_OBJC_ISA_USAGE = YES_ERROR;
				CLANG_WARN_DOCUMENTATION_COMMENTS = YES;
				CLANG_WARN_EMPTY_BODY = YES;
				CLANG_WARN_ENUM_CONVERSION = YES;
				CLANG_WARN_INFINITE_RECURSION = YES;
				CLANG_WARN_INT_CONVERSION = YES;
				CLANG_WARN_NON_LITERAL_NULL_CONVERSION = YES;
				CLANG_WARN_OBJC_IMPLICIT_RETAIN_SELF = YES;
				CLANG_WARN_OBJC_LITERAL_CONVERSION = YES;
				CLANG_WARN_OBJC_ROOT_CLASS = YES_ERROR;
				CLANG_WARN_QUOTED_INCLUDE_IN_FRAMEWORK_HEADER = YES;
				CLANG_WARN_RANGE_LOOP_ANALYSIS = YES;
				CLANG_WARN_STRICT_PROTOTYPES = YES;
				CLANG_WARN_SUSPICIOUS_MOVE = YES;
				CLANG_WARN_UNGUARDED_AVAILABILITY = YES_AGGRESSIVE;
				CLANG_WARN_UNREACHABLE_CODE = YES;
				CLANG_WARN__DUPLICATE_METHOD_MATCH = YES;
				COPY_PHASE_STRIP = NO;
				DEBUG_INFORMATION_FORMAT = "dwarf-with-dsym";
				ENABLE_NS_ASSERTIONS = NO;
				ENABLE_STRICT_OBJC_MSGSEND = YES;
				ENABLE_USER_SCRIPT_SANDBOXING = YES;
				GCC_C_LANGUAGE_STANDARD = gnu17;
				GCC_NO_COMMON_BLOCKS = YES;
				GCC_WARN_64_TO_32_BIT_CONVERSION = YES;
				GCC_WARN_ABOUT_RETURN_TYPE = YES_ERROR;
				GCC_WARN_UNDECLARED_SELECTOR = YES;
				GCC_WARN_UNINITIALIZED_AUTOS = YES_AGGRESSIVE;
				GCC_WARN_UNUSED_FUNCTION = YES;
				GCC_WARN_UNUSED_VARIABLE = YES;
				IPHONEOS_DEPLOYMENT_TARGET = 17.0;
				LOCALIZATION_PREFERS_STRING_CATALOGS = YES;
				MTL_ENABLE_DEBUG_INFO = NO;
				MTL_FAST_MATH = YES;
				SDKROOT = iphoneos;
				SWIFT_COMPILATION_MODE = wholemodule;
				VALIDATE_PRODUCT = YES;
			};
			name = Release;
		};
		8C36E8A62ADD90FC00FC4095 /* Debug */ = {
			isa = XCBuildConfiguration;
			buildSettings = {
				ASSETCATALOG_COMPILER_APPICON_NAME = AppIcon;
				ASSETCATALOG_COMPILER_GLOBAL_ACCENT_COLOR_NAME = AccentColor;
				CODE_SIGN_STYLE = Automatic;
				CURRENT_PROJECT_VERSION = 1;
				DEVELOPMENT_ASSET_PATHS = "\"SwiftUI-Implement/Preview Content\"";
				DEVELOPMENT_TEAM = 3ZNMGK53CF;
				ENABLE_PREVIEWS = YES;
				GENERATE_INFOPLIST_FILE = YES;
				INFOPLIST_KEY_CFBundleDisplayName = "SwiftUI Implements";
				INFOPLIST_KEY_UIApplicationSceneManifest_Generation = YES;
				INFOPLIST_KEY_UIApplicationSupportsIndirectInputEvents = YES;
				INFOPLIST_KEY_UILaunchScreen_Generation = YES;
				INFOPLIST_KEY_UISupportedInterfaceOrientations_iPad = "UIInterfaceOrientationPortrait UIInterfaceOrientationPortraitUpsideDown UIInterfaceOrientationLandscapeLeft UIInterfaceOrientationLandscapeRight";
				INFOPLIST_KEY_UISupportedInterfaceOrientations_iPhone = "UIInterfaceOrientationPortrait UIInterfaceOrientationLandscapeLeft UIInterfaceOrientationLandscapeRight";
				IPHONEOS_DEPLOYMENT_TARGET = 17.0;
				LD_RUNPATH_SEARCH_PATHS = (
					"$(inherited)",
					"@executable_path/Frameworks",
				);
				MARKETING_VERSION = 1.0;
				PRODUCT_BUNDLE_IDENTIFIER = "com.ricardodev.SwiftUI-Implement";
				PRODUCT_NAME = "$(TARGET_NAME)";
				SWIFT_EMIT_LOC_STRINGS = YES;
				SWIFT_VERSION = 5.0;
				TARGETED_DEVICE_FAMILY = "1,2";
			};
			name = Debug;
		};
		8C36E8A72ADD90FC00FC4095 /* Release */ = {
			isa = XCBuildConfiguration;
			buildSettings = {
				ASSETCATALOG_COMPILER_APPICON_NAME = AppIcon;
				ASSETCATALOG_COMPILER_GLOBAL_ACCENT_COLOR_NAME = AccentColor;
				CODE_SIGN_STYLE = Automatic;
				CURRENT_PROJECT_VERSION = 1;
				DEVELOPMENT_ASSET_PATHS = "\"SwiftUI-Implement/Preview Content\"";
				DEVELOPMENT_TEAM = 3ZNMGK53CF;
				ENABLE_PREVIEWS = YES;
				GENERATE_INFOPLIST_FILE = YES;
				INFOPLIST_KEY_CFBundleDisplayName = "SwiftUI Implements";
				INFOPLIST_KEY_UIApplicationSceneManifest_Generation = YES;
				INFOPLIST_KEY_UIApplicationSupportsIndirectInputEvents = YES;
				INFOPLIST_KEY_UILaunchScreen_Generation = YES;
				INFOPLIST_KEY_UISupportedInterfaceOrientations_iPad = "UIInterfaceOrientationPortrait UIInterfaceOrientationPortraitUpsideDown UIInterfaceOrientationLandscapeLeft UIInterfaceOrientationLandscapeRight";
				INFOPLIST_KEY_UISupportedInterfaceOrientations_iPhone = "UIInterfaceOrientationPortrait UIInterfaceOrientationLandscapeLeft UIInterfaceOrientationLandscapeRight";
				IPHONEOS_DEPLOYMENT_TARGET = 17.0;
				LD_RUNPATH_SEARCH_PATHS = (
					"$(inherited)",
					"@executable_path/Frameworks",
				);
				MARKETING_VERSION = 1.0;
				PRODUCT_BUNDLE_IDENTIFIER = "com.ricardodev.SwiftUI-Implement";
				PRODUCT_NAME = "$(TARGET_NAME)";
				SWIFT_EMIT_LOC_STRINGS = YES;
				SWIFT_VERSION = 5.0;
				TARGETED_DEVICE_FAMILY = "1,2";
			};
			name = Release;
		};
/* End XCBuildConfiguration section */

/* Begin XCConfigurationList section */
		8C36E8922ADD90FA00FC4095 /* Build configuration list for PBXProject "SwiftUI-Implement" */ = {
			isa = XCConfigurationList;
			buildConfigurations = (
				8C36E8A32ADD90FC00FC4095 /* Debug */,
				8C36E8A42ADD90FC00FC4095 /* Release */,
			);
			defaultConfigurationIsVisible = 0;
			defaultConfigurationName = Release;
		};
		8C36E8A52ADD90FC00FC4095 /* Build configuration list for PBXNativeTarget "SwiftUI-Implement" */ = {
			isa = XCConfigurationList;
			buildConfigurations = (
				8C36E8A62ADD90FC00FC4095 /* Debug */,
				8C36E8A72ADD90FC00FC4095 /* Release */,
			);
			defaultConfigurationIsVisible = 0;
			defaultConfigurationName = Release;
		};
/* End XCConfigurationList section */
	};
	rootObject = 8C36E88F2ADD90FA00FC4095 /* Project object */;
}
